
Microsoft Visual Studio Solution File, Format Version 12.00
# Visual Studio Version 16
VisualStudioVersion = 16.0.32413.511
MinimumVisualStudioVersion = 10.0.40219.1
Project("{FAE04EC0-301F-11D3-BF4B-00C04F79EFBC}") = "Ejercicio2DeSofiaMaranii", "Ejercicio2DeSofiaMaranii\Ejercicio2DeSofiaMaranii.csproj", "{9564EC2F-B4CE-4C6B-820B-3F893E45E8B5}"
EndProject
Global
	GlobalSection(SolutionConfigurationPlatforms) = preSolution
		Debug|Any CPU = Debug|Any CPU
		Release|Any CPU = Release|Any CPU
	EndGlobalSection
	GlobalSection(ProjectConfigurationPlatforms) = postSolution
		{9564EC2F-B4CE-4C6B-820B-3F893E45E8B5}.Debug|Any CPU.ActiveCfg = Debug|Any CPU
		{9564EC2F-B4CE-4C6B-820B-3F893E45E8B5}.Debug|Any CPU.Build.0 = Debug|Any CPU
		{9564EC2F-B4CE-4C6B-820B-3F893E45E8B5}.Release|Any CPU.ActiveCfg = Release|Any CPU
		{9564EC2F-B4CE-4C6B-820B-3F893E45E8B5}.Release|Any CPU.Build.0 = Release|Any CPU
	EndGlobalSection
	GlobalSection(SolutionProperties) = preSolution
		HideSolutionNode = FALSE
	EndGlobalSection
	GlobalSection(ExtensibilityGlobals) = postSolution
		SolutionGuid = {D6680D2B-8E49-4A1B-B484-116C0FA8031C}
	EndGlobalSection
EndGlobal
